
Microsoft Visual Studio Solution File, Format Version 12.00
# Visual Studio Version 17
VisualStudioVersion = 17.7.34202.233
MinimumVisualStudioVersion = 10.0.40219.1
Project("{FAE04EC0-301F-11D3-BF4B-00C04F79EFBC}") = "TemplateMethodApp", "TemplateMethodApp\TemplateMethodApp.csproj", "{BD2764D9-4157-4CD4-9BBD-CB9233C20AA6}"
EndProject
Project("{FAE04EC0-301F-11D3-BF4B-00C04F79EFBC}") = "WinFormsTEmplateApp", "WinFormsTEmplateApp\WinFormsTEmplateApp.csproj", "{B51A2357-4C0B-44A7-91D8-919FDD542ECC}"
EndProject
Project("{FAE04EC0-301F-11D3-BF4B-00C04F79EFBC}") = "BoardStragteyApp", "BoardStragteyApp\BoardStragteyApp.csproj", "{DDD6FD58-D920-4D54-B977-C1970D23664A}"
EndProject
Global
	GlobalSection(SolutionConfigurationPlatforms) = preSolution
		Debug|Any CPU = Debug|Any CPU
		Release|Any CPU = Release|Any CPU
	EndGlobalSection
	GlobalSection(ProjectConfigurationPlatforms) = postSolution
		{BD2764D9-4157-4CD4-9BBD-CB9233C20AA6}.Debug|Any CPU.ActiveCfg = Debug|Any CPU
		{BD2764D9-4157-4CD4-9BBD-CB9233C20AA6}.Debug|Any CPU.Build.0 = Debug|Any CPU
		{BD2764D9-4157-4CD4-9BBD-CB9233C20AA6}.Release|Any CPU.ActiveCfg = Release|Any CPU
		{BD2764D9-4157-4CD4-9BBD-CB9233C20AA6}.Release|Any CPU.Build.0 = Release|Any CPU
		{B51A2357-4C0B-44A7-91D8-919FDD542ECC}.Debug|Any CPU.ActiveCfg = Debug|Any CPU
		{B51A2357-4C0B-44A7-91D8-919FDD542ECC}.Debug|Any CPU.Build.0 = Debug|Any CPU
		{B51A2357-4C0B-44A7-91D8-919FDD542ECC}.Release|Any CPU.ActiveCfg = Release|Any CPU
		{B51A2357-4C0B-44A7-91D8-919FDD542ECC}.Release|Any CPU.Build.0 = Release|Any CPU
		{DDD6FD58-D920-4D54-B977-C1970D23664A}.Debug|Any CPU.ActiveCfg = Debug|Any CPU
		{DDD6FD58-D920-4D54-B977-C1970D23664A}.Debug|Any CPU.Build.0 = Debug|Any CPU
		{DDD6FD58-D920-4D54-B977-C1970D23664A}.Release|Any CPU.ActiveCfg = Release|Any CPU
		{DDD6FD58-D920-4D54-B977-C1970D23664A}.Release|Any CPU.Build.0 = Release|Any CPU
	EndGlobalSection
	GlobalSection(SolutionProperties) = preSolution
		HideSolutionNode = FALSE
	EndGlobalSection
	GlobalSection(ExtensibilityGlobals) = postSolution
		SolutionGuid = {490B1350-0280-44D4-AF25-7487F4C489C6}
	EndGlobalSection
EndGlobal
