
Microsoft Visual Studio Solution File, Format Version 12.00
# Visual Studio Version 17
VisualStudioVersion = 17.7.34202.233
MinimumVisualStudioVersion = 10.0.40219.1
Project("{FAE04EC0-301F-11D3-BF4B-00C04F79EFBC}") = "SRPViolationApp", "SRPViolationApp\SRPViolationApp.csproj", "{28223565-5693-44F6-8E6D-12C9B7452D23}"
EndProject
Project("{FAE04EC0-301F-11D3-BF4B-00C04F79EFBC}") = "SRPRefactorApp", "SRPRefactorApp\SRPRefactorApp.csproj", "{75DE6DFB-294A-4386-84F7-A273174FE695}"
EndProject
Global
	GlobalSection(SolutionConfigurationPlatforms) = preSolution
		Debug|Any CPU = Debug|Any CPU
		Release|Any CPU = Release|Any CPU
	EndGlobalSection
	GlobalSection(ProjectConfigurationPlatforms) = postSolution
		{28223565-5693-44F6-8E6D-12C9B7452D23}.Debug|Any CPU.ActiveCfg = Debug|Any CPU
		{28223565-5693-44F6-8E6D-12C9B7452D23}.Debug|Any CPU.Build.0 = Debug|Any CPU
		{28223565-5693-44F6-8E6D-12C9B7452D23}.Release|Any CPU.ActiveCfg = Release|Any CPU
		{28223565-5693-44F6-8E6D-12C9B7452D23}.Release|Any CPU.Build.0 = Release|Any CPU
		{75DE6DFB-294A-4386-84F7-A273174FE695}.Debug|Any CPU.ActiveCfg = Debug|Any CPU
		{75DE6DFB-294A-4386-84F7-A273174FE695}.Debug|Any CPU.Build.0 = Debug|Any CPU
		{75DE6DFB-294A-4386-84F7-A273174FE695}.Release|Any CPU.ActiveCfg = Release|Any CPU
		{75DE6DFB-294A-4386-84F7-A273174FE695}.Release|Any CPU.Build.0 = Release|Any CPU
	EndGlobalSection
	GlobalSection(SolutionProperties) = preSolution
		HideSolutionNode = FALSE
	EndGlobalSection
	GlobalSection(ExtensibilityGlobals) = postSolution
		SolutionGuid = {973C478A-EF42-4DE3-95EA-A12AEE2F194C}
	EndGlobalSection
EndGlobal
