
Microsoft Visual Studio Solution File, Format Version 12.00
# Visual Studio Version 17
VisualStudioVersion = 17.7.34202.233
MinimumVisualStudioVersion = 10.0.40219.1
Project("{FAE04EC0-301F-11D3-BF4B-00C04F79EFBC}") = "VistorHtmlApp", "VistorHtmlApp\VistorHtmlApp.csproj", "{163162AE-21D2-4974-B532-A9ADDCF3374D}"
EndProject
Global
	GlobalSection(SolutionConfigurationPlatforms) = preSolution
		Debug|Any CPU = Debug|Any CPU
		Release|Any CPU = Release|Any CPU
	EndGlobalSection
	GlobalSection(ProjectConfigurationPlatforms) = postSolution
		{163162AE-21D2-4974-B532-A9ADDCF3374D}.Debug|Any CPU.ActiveCfg = Debug|Any CPU
		{163162AE-21D2-4974-B532-A9ADDCF3374D}.Debug|Any CPU.Build.0 = Debug|Any CPU
		{163162AE-21D2-4974-B532-A9ADDCF3374D}.Release|Any CPU.ActiveCfg = Release|Any CPU
		{163162AE-21D2-4974-B532-A9ADDCF3374D}.Release|Any CPU.Build.0 = Release|Any CPU
	EndGlobalSection
	GlobalSection(SolutionProperties) = preSolution
		HideSolutionNode = FALSE
	EndGlobalSection
	GlobalSection(ExtensibilityGlobals) = postSolution
		SolutionGuid = {17FBABF0-DB93-44E1-B301-1D3150F1EC0C}
	EndGlobalSection
EndGlobal
