
Microsoft Visual Studio Solution File, Format Version 12.00
# Visual Studio Version 17
VisualStudioVersion = 17.7.34202.233
MinimumVisualStudioVersion = 10.0.40219.1
Project("{FAE04EC0-301F-11D3-BF4B-00C04F79EFBC}") = "FacdePatternApp", "FacdePatternApp\FacdePatternApp.csproj", "{37B07D3B-AE0F-44D3-A0E7-FCA6DF2332AB}"
EndProject
Project("{FAE04EC0-301F-11D3-BF4B-00C04F79EFBC}") = "AdoDatabaseFacadeApp", "AdoDatabaseFacadeApp\AdoDatabaseFacadeApp.csproj", "{C14C86BE-1193-49E6-82C3-282288AC1F4D}"
EndProject
Global
	GlobalSection(SolutionConfigurationPlatforms) = preSolution
		Debug|Any CPU = Debug|Any CPU
		Release|Any CPU = Release|Any CPU
	EndGlobalSection
	GlobalSection(ProjectConfigurationPlatforms) = postSolution
		{37B07D3B-AE0F-44D3-A0E7-FCA6DF2332AB}.Debug|Any CPU.ActiveCfg = Debug|Any CPU
		{37B07D3B-AE0F-44D3-A0E7-FCA6DF2332AB}.Debug|Any CPU.Build.0 = Debug|Any CPU
		{37B07D3B-AE0F-44D3-A0E7-FCA6DF2332AB}.Release|Any CPU.ActiveCfg = Release|Any CPU
		{37B07D3B-AE0F-44D3-A0E7-FCA6DF2332AB}.Release|Any CPU.Build.0 = Release|Any CPU
		{C14C86BE-1193-49E6-82C3-282288AC1F4D}.Debug|Any CPU.ActiveCfg = Debug|Any CPU
		{C14C86BE-1193-49E6-82C3-282288AC1F4D}.Debug|Any CPU.Build.0 = Debug|Any CPU
		{C14C86BE-1193-49E6-82C3-282288AC1F4D}.Release|Any CPU.ActiveCfg = Release|Any CPU
		{C14C86BE-1193-49E6-82C3-282288AC1F4D}.Release|Any CPU.Build.0 = Release|Any CPU
	EndGlobalSection
	GlobalSection(SolutionProperties) = preSolution
		HideSolutionNode = FALSE
	EndGlobalSection
	GlobalSection(ExtensibilityGlobals) = postSolution
		SolutionGuid = {12AFD354-F090-4135-B05B-B399F6F74135}
	EndGlobalSection
EndGlobal
