
Microsoft Visual Studio Solution File, Format Version 12.00
# Visual Studio Version 17
VisualStudioVersion = 17.7.34202.233
MinimumVisualStudioVersion = 10.0.40219.1
Project("{FAE04EC0-301F-11D3-BF4B-00C04F79EFBC}") = "SingleTonV1App", "SingleTonV1App\SingleTonV1App.csproj", "{89CC478B-EB59-475C-A156-7E90128105D5}"
EndProject
Project("{FAE04EC0-301F-11D3-BF4B-00C04F79EFBC}") = "SingeltonV2", "SingeltonV2\SingeltonV2.csproj", "{5338A04F-996C-4611-B51C-61EF369FECCB}"
EndProject
Global
	GlobalSection(SolutionConfigurationPlatforms) = preSolution
		Debug|Any CPU = Debug|Any CPU
		Release|Any CPU = Release|Any CPU
	EndGlobalSection
	GlobalSection(ProjectConfigurationPlatforms) = postSolution
		{89CC478B-EB59-475C-A156-7E90128105D5}.Debug|Any CPU.ActiveCfg = Debug|Any CPU
		{89CC478B-EB59-475C-A156-7E90128105D5}.Debug|Any CPU.Build.0 = Debug|Any CPU
		{89CC478B-EB59-475C-A156-7E90128105D5}.Release|Any CPU.ActiveCfg = Release|Any CPU
		{89CC478B-EB59-475C-A156-7E90128105D5}.Release|Any CPU.Build.0 = Release|Any CPU
		{5338A04F-996C-4611-B51C-61EF369FECCB}.Debug|Any CPU.ActiveCfg = Debug|Any CPU
		{5338A04F-996C-4611-B51C-61EF369FECCB}.Debug|Any CPU.Build.0 = Debug|Any CPU
		{5338A04F-996C-4611-B51C-61EF369FECCB}.Release|Any CPU.ActiveCfg = Release|Any CPU
		{5338A04F-996C-4611-B51C-61EF369FECCB}.Release|Any CPU.Build.0 = Release|Any CPU
	EndGlobalSection
	GlobalSection(SolutionProperties) = preSolution
		HideSolutionNode = FALSE
	EndGlobalSection
	GlobalSection(ExtensibilityGlobals) = postSolution
		SolutionGuid = {1FE72D34-F850-4C43-9CCA-8CC811833CF9}
	EndGlobalSection
EndGlobal
