
Microsoft Visual Studio Solution File, Format Version 12.00
# Visual Studio Version 17
VisualStudioVersion = 17.7.34202.233
MinimumVisualStudioVersion = 10.0.40219.1
Project("{FAE04EC0-301F-11D3-BF4B-00C04F79EFBC}") = "WpfCorApp", "WpfCorApp\WpfCorApp.csproj", "{06595D9E-7E9D-47F7-9544-B3ACBE962F32}"
EndProject
Global
	GlobalSection(SolutionConfigurationPlatforms) = preSolution
		Debug|Any CPU = Debug|Any CPU
		Release|Any CPU = Release|Any CPU
	EndGlobalSection
	GlobalSection(ProjectConfigurationPlatforms) = postSolution
		{06595D9E-7E9D-47F7-9544-B3ACBE962F32}.Debug|Any CPU.ActiveCfg = Debug|Any CPU
		{06595D9E-7E9D-47F7-9544-B3ACBE962F32}.Debug|Any CPU.Build.0 = Debug|Any CPU
		{06595D9E-7E9D-47F7-9544-B3ACBE962F32}.Release|Any CPU.ActiveCfg = Release|Any CPU
		{06595D9E-7E9D-47F7-9544-B3ACBE962F32}.Release|Any CPU.Build.0 = Release|Any CPU
	EndGlobalSection
	GlobalSection(SolutionProperties) = preSolution
		HideSolutionNode = FALSE
	EndGlobalSection
	GlobalSection(ExtensibilityGlobals) = postSolution
		SolutionGuid = {F8723CC4-3AE0-4473-92AF-5E4608494DFA}
	EndGlobalSection
EndGlobal
