
Microsoft Visual Studio Solution File, Format Version 12.00
# Visual Studio Version 17
VisualStudioVersion = 17.7.34202.233
MinimumVisualStudioVersion = 10.0.40219.1
Project("{FAE04EC0-301F-11D3-BF4B-00C04F79EFBC}") = "ExternalFancyProductLib", "ExternalFancyProductLib\ExternalFancyProductLib.csproj", "{2AB31F05-4E21-4558-92C4-FA2E8DD8CE29}"
EndProject
Project("{FAE04EC0-301F-11D3-BF4B-00C04F79EFBC}") = "ShoppingApp", "ShoppingApp\ShoppingApp.csproj", "{66F2EC57-D2BB-4DF9-A5C5-73E1364E5F39}"
EndProject
Global
	GlobalSection(SolutionConfigurationPlatforms) = preSolution
		Debug|Any CPU = Debug|Any CPU
		Release|Any CPU = Release|Any CPU
	EndGlobalSection
	GlobalSection(ProjectConfigurationPlatforms) = postSolution
		{2AB31F05-4E21-4558-92C4-FA2E8DD8CE29}.Debug|Any CPU.ActiveCfg = Debug|Any CPU
		{2AB31F05-4E21-4558-92C4-FA2E8DD8CE29}.Debug|Any CPU.Build.0 = Debug|Any CPU
		{2AB31F05-4E21-4558-92C4-FA2E8DD8CE29}.Release|Any CPU.ActiveCfg = Release|Any CPU
		{2AB31F05-4E21-4558-92C4-FA2E8DD8CE29}.Release|Any CPU.Build.0 = Release|Any CPU
		{66F2EC57-D2BB-4DF9-A5C5-73E1364E5F39}.Debug|Any CPU.ActiveCfg = Debug|Any CPU
		{66F2EC57-D2BB-4DF9-A5C5-73E1364E5F39}.Debug|Any CPU.Build.0 = Debug|Any CPU
		{66F2EC57-D2BB-4DF9-A5C5-73E1364E5F39}.Release|Any CPU.ActiveCfg = Release|Any CPU
		{66F2EC57-D2BB-4DF9-A5C5-73E1364E5F39}.Release|Any CPU.Build.0 = Release|Any CPU
	EndGlobalSection
	GlobalSection(SolutionProperties) = preSolution
		HideSolutionNode = FALSE
	EndGlobalSection
	GlobalSection(ExtensibilityGlobals) = postSolution
		SolutionGuid = {9A17C139-3A59-4104-A0B1-FA5227CFD91C}
	EndGlobalSection
EndGlobal
