
Microsoft Visual Studio Solution File, Format Version 12.00
# Visual Studio Version 17
VisualStudioVersion = 17.7.34202.233
MinimumVisualStudioVersion = 10.0.40219.1
Project("{FAE04EC0-301F-11D3-BF4B-00C04F79EFBC}") = "PublisherLib", "PublisherLib\PublisherLib.csproj", "{4FAD2A38-3548-407D-9AB3-1AC717A7DF7D}"
EndProject
Project("{FAE04EC0-301F-11D3-BF4B-00C04F79EFBC}") = "SubscriberApp", "SubscriberApp\SubscriberApp.csproj", "{E0E2A08F-12AF-4F98-9050-D09BC6A164C1}"
EndProject
Project("{FAE04EC0-301F-11D3-BF4B-00C04F79EFBC}") = "SampleSubsciberWinformApp", "SampleSubsciberWinformApp\SampleSubsciberWinformApp.csproj", "{4EB0589D-B164-4E37-9121-45148704C156}"
EndProject
Global
	GlobalSection(SolutionConfigurationPlatforms) = preSolution
		Debug|Any CPU = Debug|Any CPU
		Release|Any CPU = Release|Any CPU
	EndGlobalSection
	GlobalSection(ProjectConfigurationPlatforms) = postSolution
		{4FAD2A38-3548-407D-9AB3-1AC717A7DF7D}.Debug|Any CPU.ActiveCfg = Debug|Any CPU
		{4FAD2A38-3548-407D-9AB3-1AC717A7DF7D}.Debug|Any CPU.Build.0 = Debug|Any CPU
		{4FAD2A38-3548-407D-9AB3-1AC717A7DF7D}.Release|Any CPU.ActiveCfg = Release|Any CPU
		{4FAD2A38-3548-407D-9AB3-1AC717A7DF7D}.Release|Any CPU.Build.0 = Release|Any CPU
		{E0E2A08F-12AF-4F98-9050-D09BC6A164C1}.Debug|Any CPU.ActiveCfg = Debug|Any CPU
		{E0E2A08F-12AF-4F98-9050-D09BC6A164C1}.Debug|Any CPU.Build.0 = Debug|Any CPU
		{E0E2A08F-12AF-4F98-9050-D09BC6A164C1}.Release|Any CPU.ActiveCfg = Release|Any CPU
		{E0E2A08F-12AF-4F98-9050-D09BC6A164C1}.Release|Any CPU.Build.0 = Release|Any CPU
		{4EB0589D-B164-4E37-9121-45148704C156}.Debug|Any CPU.ActiveCfg = Debug|Any CPU
		{4EB0589D-B164-4E37-9121-45148704C156}.Debug|Any CPU.Build.0 = Debug|Any CPU
		{4EB0589D-B164-4E37-9121-45148704C156}.Release|Any CPU.ActiveCfg = Release|Any CPU
		{4EB0589D-B164-4E37-9121-45148704C156}.Release|Any CPU.Build.0 = Release|Any CPU
	EndGlobalSection
	GlobalSection(SolutionProperties) = preSolution
		HideSolutionNode = FALSE
	EndGlobalSection
	GlobalSection(ExtensibilityGlobals) = postSolution
		SolutionGuid = {4E102BCA-97AD-409B-AAFF-7742DC976361}
	EndGlobalSection
EndGlobal
