
Microsoft Visual Studio Solution File, Format Version 12.00
# Visual Studio Version 17
VisualStudioVersion = 17.7.34202.233
MinimumVisualStudioVersion = 10.0.40219.1
Project("{FAE04EC0-301F-11D3-BF4B-00C04F79EFBC}") = "CompositePatternApp", "CompositePatternApp\CompositePatternApp.csproj", "{CEDBDD28-7657-4EB3-9EAC-2A3BD5781970}"
EndProject
Global
	GlobalSection(SolutionConfigurationPlatforms) = preSolution
		Debug|Any CPU = Debug|Any CPU
		Release|Any CPU = Release|Any CPU
	EndGlobalSection
	GlobalSection(ProjectConfigurationPlatforms) = postSolution
		{CEDBDD28-7657-4EB3-9EAC-2A3BD5781970}.Debug|Any CPU.ActiveCfg = Debug|Any CPU
		{CEDBDD28-7657-4EB3-9EAC-2A3BD5781970}.Debug|Any CPU.Build.0 = Debug|Any CPU
		{CEDBDD28-7657-4EB3-9EAC-2A3BD5781970}.Release|Any CPU.ActiveCfg = Release|Any CPU
		{CEDBDD28-7657-4EB3-9EAC-2A3BD5781970}.Release|Any CPU.Build.0 = Release|Any CPU
	EndGlobalSection
	GlobalSection(SolutionProperties) = preSolution
		HideSolutionNode = FALSE
	EndGlobalSection
	GlobalSection(ExtensibilityGlobals) = postSolution
		SolutionGuid = {87D02BAA-8675-4F59-88E7-35D0E0A207DD}
	EndGlobalSection
EndGlobal
